
Microsoft Visual Studio Solution File, Format Version 12.00
# Visual Studio 2012
Project("{FAE04EC0-301F-11D3-BF4B-00C04F79EFBC}") = "SistemaMecanico", "SistemaMecanico\SistemaMecanico.csproj", "{0857A14A-7FBD-43B8-8953-0BB1F8D51E02}"
EndProject
Global
	GlobalSection(SolutionConfigurationPlatforms) = preSolution
		Debug|Any CPU = Debug|Any CPU
		Release|Any CPU = Release|Any CPU
	EndGlobalSection
	GlobalSection(ProjectConfigurationPlatforms) = postSolution
		{0857A14A-7FBD-43B8-8953-0BB1F8D51E02}.Debug|Any CPU.ActiveCfg = Debug|Any CPU
		{0857A14A-7FBD-43B8-8953-0BB1F8D51E02}.Debug|Any CPU.Build.0 = Debug|Any CPU
		{0857A14A-7FBD-43B8-8953-0BB1F8D51E02}.Release|Any CPU.ActiveCfg = Release|Any CPU
		{0857A14A-7FBD-43B8-8953-0BB1F8D51E02}.Release|Any CPU.Build.0 = Release|Any CPU
	EndGlobalSection
	GlobalSection(SolutionProperties) = preSolution
		HideSolutionNode = FALSE
	EndGlobalSection
EndGlobal
